version = 2

[[packages]]
name = "std"
ref = "index@std@^1.0.1"
version = "1.0.1"
archive = "https://github.com/encore-ecosystem/encore-index/releases/download/std-v1.0.1/std-1.0.1.tar.gz"
checksum = "fd9ff75770e3472d889b07661681011e64a88092181b55656546314b073a786c"

[[packages]]
name = "platform"
ref = "sys@platform"
version = "0.1.0"

[[packages]]
name = "core"
ref = "sys@core"
version = "0.1.0"
